
Microsoft Visual Studio Solution File, Format Version 12.00
Project("{FAE04EC0-301F-11D3-BF4B-00C04F79EFBC}") = "Noskito.Login", "src\Noskito.Login\Noskito.Login.csproj", "{3B9E61A0-5A5E-4EA6-B2AC-5D6D20BA6F10}"
EndProject
Project("{FAE04EC0-301F-11D3-BF4B-00C04F79EFBC}") = "Noskito.World", "src\Noskito.World\Noskito.World.csproj", "{0AF4E299-CDE1-41A7-B6C3-F5E11CBBE58F}"
EndProject
Project("{FAE04EC0-301F-11D3-BF4B-00C04F79EFBC}") = "Noskito.Common", "src\Noskito.Common\Noskito.Common.csproj", "{7BB15455-F80B-4691-8F86-F2F74CAEC300}"
EndProject
Project("{FAE04EC0-301F-11D3-BF4B-00C04F79EFBC}") = "Noskito.Database", "src\Noskito.Database\Noskito.Database.csproj", "{57550F3C-2C17-43EB-85D1-CF5381FE0B72}"
EndProject
Project("{2150E333-8FDC-42A3-9474-1A3956D46DE8}") = "Login", "Login", "{6D421A1F-5507-4617-B3AA-521243A7CA6B}"
EndProject
Project("{2150E333-8FDC-42A3-9474-1A3956D46DE8}") = "World", "World", "{E7565884-D19E-4487-B9AC-636BF2264E51}"
EndProject
Project("{FAE04EC0-301F-11D3-BF4B-00C04F79EFBC}") = "Noskito.Login.Abstraction", "src\Noskito.Login.Abstraction\Noskito.Login.Abstraction.csproj", "{48EF4E34-D79F-4775-908D-2310BBCB77CF}"
EndProject
Project("{FAE04EC0-301F-11D3-BF4B-00C04F79EFBC}") = "Noskito.Packet", "src\Noskito.Packet\Noskito.Packet.csproj", "{9F0C1547-E3B3-452A-A3FA-7FBDECE1671C}"
EndProject
Project("{FAE04EC0-301F-11D3-BF4B-00C04F79EFBC}") = "Noskito.World.Abstraction", "src\Noskito.World.Abstraction\Noskito.World.Abstraction.csproj", "{516EC0DF-1B13-4131-9241-8FDE47791C0D}"
EndProject
Project("{2150E333-8FDC-42A3-9474-1A3956D46DE8}") = "src", "src", "{E5A11A2C-9D0C-458F-999F-B830A4BDE7C3}"
EndProject
Project("{2150E333-8FDC-42A3-9474-1A3956D46DE8}") = "tests", "tests", "{56415ED2-7B66-48C2-B7E7-2E7AFB52CA31}"
EndProject
Project("{FAE04EC0-301F-11D3-BF4B-00C04F79EFBC}") = "Noskito.Packet.Tests", "tests\Noskito.Packet.Tests\Noskito.Packet.Tests.csproj", "{0F607C1E-1BA5-4CFC-A4DB-39FF8C8A385B}"
EndProject
Project("{FAE04EC0-301F-11D3-BF4B-00C04F79EFBC}") = "Noskito.Login.Processor", "src\Noskito.Login.Processor\Noskito.Login.Processor.csproj", "{F4D8F46F-43DC-4733-97F1-B58D8DA4DED5}"
EndProject
Project("{2150E333-8FDC-42A3-9474-1A3956D46DE8}") = "Database", "Database", "{C0DBB1F5-C3B8-4F4A-A661-648030C1DFCD}"
EndProject
Project("{FAE04EC0-301F-11D3-BF4B-00C04F79EFBC}") = "Noskito.Database.Abstraction", "src\Noskito.Database.Abstraction\Noskito.Database.Abstraction.csproj", "{4BA64507-E676-472A-AE1F-ACA0EA3319D1}"
EndProject
Project("{2150E333-8FDC-42A3-9474-1A3956D46DE8}") = "scripts", "scripts", "{FA9D0477-66B9-4A20-AD5C-63EAB906E6F3}"
ProjectSection(SolutionItems) = preProject
	docker-compose.yml = docker-compose.yml
EndProjectSection
EndProject
Project("{FAE04EC0-301F-11D3-BF4B-00C04F79EFBC}") = "Noskito.Enum", "src\Noskito.Enum\Noskito.Enum.csproj", "{3F0D45D5-EC5E-4867-8CB7-567023E556D1}"
EndProject
Global
	GlobalSection(SolutionConfigurationPlatforms) = preSolution
		Debug|Any CPU = Debug|Any CPU
		Release|Any CPU = Release|Any CPU
	EndGlobalSection
	GlobalSection(ProjectConfigurationPlatforms) = postSolution
		{3B9E61A0-5A5E-4EA6-B2AC-5D6D20BA6F10}.Debug|Any CPU.ActiveCfg = Debug|Any CPU
		{3B9E61A0-5A5E-4EA6-B2AC-5D6D20BA6F10}.Debug|Any CPU.Build.0 = Debug|Any CPU
		{3B9E61A0-5A5E-4EA6-B2AC-5D6D20BA6F10}.Release|Any CPU.ActiveCfg = Release|Any CPU
		{3B9E61A0-5A5E-4EA6-B2AC-5D6D20BA6F10}.Release|Any CPU.Build.0 = Release|Any CPU
		{0AF4E299-CDE1-41A7-B6C3-F5E11CBBE58F}.Debug|Any CPU.ActiveCfg = Debug|Any CPU
		{0AF4E299-CDE1-41A7-B6C3-F5E11CBBE58F}.Debug|Any CPU.Build.0 = Debug|Any CPU
		{0AF4E299-CDE1-41A7-B6C3-F5E11CBBE58F}.Release|Any CPU.ActiveCfg = Release|Any CPU
		{0AF4E299-CDE1-41A7-B6C3-F5E11CBBE58F}.Release|Any CPU.Build.0 = Release|Any CPU
		{7BB15455-F80B-4691-8F86-F2F74CAEC300}.Debug|Any CPU.ActiveCfg = Debug|Any CPU
		{7BB15455-F80B-4691-8F86-F2F74CAEC300}.Debug|Any CPU.Build.0 = Debug|Any CPU
		{7BB15455-F80B-4691-8F86-F2F74CAEC300}.Release|Any CPU.ActiveCfg = Release|Any CPU
		{7BB15455-F80B-4691-8F86-F2F74CAEC300}.Release|Any CPU.Build.0 = Release|Any CPU
		{57550F3C-2C17-43EB-85D1-CF5381FE0B72}.Debug|Any CPU.ActiveCfg = Debug|Any CPU
		{57550F3C-2C17-43EB-85D1-CF5381FE0B72}.Debug|Any CPU.Build.0 = Debug|Any CPU
		{57550F3C-2C17-43EB-85D1-CF5381FE0B72}.Release|Any CPU.ActiveCfg = Release|Any CPU
		{57550F3C-2C17-43EB-85D1-CF5381FE0B72}.Release|Any CPU.Build.0 = Release|Any CPU
		{48EF4E34-D79F-4775-908D-2310BBCB77CF}.Debug|Any CPU.ActiveCfg = Debug|Any CPU
		{48EF4E34-D79F-4775-908D-2310BBCB77CF}.Debug|Any CPU.Build.0 = Debug|Any CPU
		{48EF4E34-D79F-4775-908D-2310BBCB77CF}.Release|Any CPU.ActiveCfg = Release|Any CPU
		{48EF4E34-D79F-4775-908D-2310BBCB77CF}.Release|Any CPU.Build.0 = Release|Any CPU
		{9F0C1547-E3B3-452A-A3FA-7FBDECE1671C}.Debug|Any CPU.ActiveCfg = Debug|Any CPU
		{9F0C1547-E3B3-452A-A3FA-7FBDECE1671C}.Debug|Any CPU.Build.0 = Debug|Any CPU
		{9F0C1547-E3B3-452A-A3FA-7FBDECE1671C}.Release|Any CPU.ActiveCfg = Release|Any CPU
		{9F0C1547-E3B3-452A-A3FA-7FBDECE1671C}.Release|Any CPU.Build.0 = Release|Any CPU
		{516EC0DF-1B13-4131-9241-8FDE47791C0D}.Debug|Any CPU.ActiveCfg = Debug|Any CPU
		{516EC0DF-1B13-4131-9241-8FDE47791C0D}.Debug|Any CPU.Build.0 = Debug|Any CPU
		{516EC0DF-1B13-4131-9241-8FDE47791C0D}.Release|Any CPU.ActiveCfg = Release|Any CPU
		{516EC0DF-1B13-4131-9241-8FDE47791C0D}.Release|Any CPU.Build.0 = Release|Any CPU
		{0F607C1E-1BA5-4CFC-A4DB-39FF8C8A385B}.Debug|Any CPU.ActiveCfg = Debug|Any CPU
		{0F607C1E-1BA5-4CFC-A4DB-39FF8C8A385B}.Debug|Any CPU.Build.0 = Debug|Any CPU
		{0F607C1E-1BA5-4CFC-A4DB-39FF8C8A385B}.Release|Any CPU.ActiveCfg = Release|Any CPU
		{0F607C1E-1BA5-4CFC-A4DB-39FF8C8A385B}.Release|Any CPU.Build.0 = Release|Any CPU
		{F4D8F46F-43DC-4733-97F1-B58D8DA4DED5}.Debug|Any CPU.ActiveCfg = Debug|Any CPU
		{F4D8F46F-43DC-4733-97F1-B58D8DA4DED5}.Debug|Any CPU.Build.0 = Debug|Any CPU
		{F4D8F46F-43DC-4733-97F1-B58D8DA4DED5}.Release|Any CPU.ActiveCfg = Release|Any CPU
		{F4D8F46F-43DC-4733-97F1-B58D8DA4DED5}.Release|Any CPU.Build.0 = Release|Any CPU
		{4BA64507-E676-472A-AE1F-ACA0EA3319D1}.Debug|Any CPU.ActiveCfg = Debug|Any CPU
		{4BA64507-E676-472A-AE1F-ACA0EA3319D1}.Debug|Any CPU.Build.0 = Debug|Any CPU
		{4BA64507-E676-472A-AE1F-ACA0EA3319D1}.Release|Any CPU.ActiveCfg = Release|Any CPU
		{4BA64507-E676-472A-AE1F-ACA0EA3319D1}.Release|Any CPU.Build.0 = Release|Any CPU
		{3F0D45D5-EC5E-4867-8CB7-567023E556D1}.Debug|Any CPU.ActiveCfg = Debug|Any CPU
		{3F0D45D5-EC5E-4867-8CB7-567023E556D1}.Debug|Any CPU.Build.0 = Debug|Any CPU
		{3F0D45D5-EC5E-4867-8CB7-567023E556D1}.Release|Any CPU.ActiveCfg = Release|Any CPU
		{3F0D45D5-EC5E-4867-8CB7-567023E556D1}.Release|Any CPU.Build.0 = Release|Any CPU
	EndGlobalSection
	GlobalSection(NestedProjects) = preSolution
		{0AF4E299-CDE1-41A7-B6C3-F5E11CBBE58F} = {E7565884-D19E-4487-B9AC-636BF2264E51}
		{3B9E61A0-5A5E-4EA6-B2AC-5D6D20BA6F10} = {6D421A1F-5507-4617-B3AA-521243A7CA6B}
		{48EF4E34-D79F-4775-908D-2310BBCB77CF} = {6D421A1F-5507-4617-B3AA-521243A7CA6B}
		{516EC0DF-1B13-4131-9241-8FDE47791C0D} = {E7565884-D19E-4487-B9AC-636BF2264E51}
		{E7565884-D19E-4487-B9AC-636BF2264E51} = {E5A11A2C-9D0C-458F-999F-B830A4BDE7C3}
		{7BB15455-F80B-4691-8F86-F2F74CAEC300} = {E5A11A2C-9D0C-458F-999F-B830A4BDE7C3}
		{9F0C1547-E3B3-452A-A3FA-7FBDECE1671C} = {E5A11A2C-9D0C-458F-999F-B830A4BDE7C3}
		{6D421A1F-5507-4617-B3AA-521243A7CA6B} = {E5A11A2C-9D0C-458F-999F-B830A4BDE7C3}
		{0F607C1E-1BA5-4CFC-A4DB-39FF8C8A385B} = {56415ED2-7B66-48C2-B7E7-2E7AFB52CA31}
		{F4D8F46F-43DC-4733-97F1-B58D8DA4DED5} = {6D421A1F-5507-4617-B3AA-521243A7CA6B}
		{C0DBB1F5-C3B8-4F4A-A661-648030C1DFCD} = {E5A11A2C-9D0C-458F-999F-B830A4BDE7C3}
		{57550F3C-2C17-43EB-85D1-CF5381FE0B72} = {C0DBB1F5-C3B8-4F4A-A661-648030C1DFCD}
		{4BA64507-E676-472A-AE1F-ACA0EA3319D1} = {C0DBB1F5-C3B8-4F4A-A661-648030C1DFCD}
		{3F0D45D5-EC5E-4867-8CB7-567023E556D1} = {E5A11A2C-9D0C-458F-999F-B830A4BDE7C3}
	EndGlobalSection
EndGlobal
